
Microsoft Visual Studio Solution File, Format Version 12.00
# Visual Studio Version 16
VisualStudioVersion = 16.0.29209.152
MinimumVisualStudioVersion = 10.0.40219.1
Project("{9A19103F-16F7-4668-BE54-9A1E7A4F7556}") = "diabloblazor", "diabloblazor\diabloblazor.csproj", "{F9452214-2539-4DA5-B939-DE06A2BBE7A9}"
EndProject
Project("{9A19103F-16F7-4668-BE54-9A1E7A4F7556}") = "diablo", "diablo\diablo.csproj", "{A681CDE9-94A1-45B3-B632-20331917FD96}"
EndProject
Global
	GlobalSection(SolutionConfigurationPlatforms) = preSolution
		Debug|Any CPU = Debug|Any CPU
		Release|Any CPU = Release|Any CPU
	EndGlobalSection
	GlobalSection(ProjectConfigurationPlatforms) = postSolution
		{F9452214-2539-4DA5-B939-DE06A2BBE7A9}.Debug|Any CPU.ActiveCfg = Debug|Any CPU
		{F9452214-2539-4DA5-B939-DE06A2BBE7A9}.Debug|Any CPU.Build.0 = Debug|Any CPU
		{F9452214-2539-4DA5-B939-DE06A2BBE7A9}.Release|Any CPU.ActiveCfg = Release|Any CPU
		{F9452214-2539-4DA5-B939-DE06A2BBE7A9}.Release|Any CPU.Build.0 = Release|Any CPU
		{A681CDE9-94A1-45B3-B632-20331917FD96}.Debug|Any CPU.ActiveCfg = Debug|Any CPU
		{A681CDE9-94A1-45B3-B632-20331917FD96}.Debug|Any CPU.Build.0 = Debug|Any CPU
		{A681CDE9-94A1-45B3-B632-20331917FD96}.Release|Any CPU.ActiveCfg = Release|Any CPU
		{A681CDE9-94A1-45B3-B632-20331917FD96}.Release|Any CPU.Build.0 = Release|Any CPU
	EndGlobalSection
	GlobalSection(SolutionProperties) = preSolution
		HideSolutionNode = FALSE
	EndGlobalSection
	GlobalSection(ExtensibilityGlobals) = postSolution
		SolutionGuid = {A10F0F63-B0AB-4F7D-A8DE-47091321808A}
	EndGlobalSection
EndGlobal
